// !$*UTF8*$!
{
	archiveVersion = 1;
	classes = {
	};
	objectVersion = 50;
	objects = {

/* Begin PBXBuildFile section */
		2FB4B72720A3AA62007F4138 /* AppDelegate.swift in Sources */ = {isa = PBXBuildFile; fileRef = 2FB4B72620A3AA62007F4138 /* AppDelegate.swift */; };
		2FB4B72920A3AA62007F4138 /* ViewController.swift in Sources */ = {isa = PBXBuildFile; fileRef = 2FB4B72820A3AA62007F4138 /* ViewController.swift */; };
		2FB4B72C20A3AA62007F4138 /* Main.storyboard in Resources */ = {isa = PBXBuildFile; fileRef = 2FB4B72A20A3AA62007F4138 /* Main.storyboard */; };
		2FB4B72E20A3AA63007F4138 /* Assets.xcassets in Resources */ = {isa = PBXBuildFile; fileRef = 2FB4B72D20A3AA63007F4138 /* Assets.xcassets */; };
		2FB4B73120A3AA63007F4138 /* LaunchScreen.storyboard in Resources */ = {isa = PBXBuildFile; fileRef = 2FB4B72F20A3AA63007F4138 /* LaunchScreen.storyboard */; };
		2FB4B73C20A3AA63007F4138 /* ingresseTestTests.swift in Sources */ = {isa = PBXBuildFile; fileRef = 2FB4B73B20A3AA63007F4138 /* ingresseTestTests.swift */; };
		2FB4B74720A3AA63007F4138 /* ingresseTestUITests.swift in Sources */ = {isa = PBXBuildFile; fileRef = 2FB4B74620A3AA63007F4138 /* ingresseTestUITests.swift */; };
		5E57699D1ABA0C4329EF849C /* Pods_ingresseTest.framework in Frameworks */ = {isa = PBXBuildFile; fileRef = 4073E4764CC3256FC169B1A3 /* Pods_ingresseTest.framework */; };
/* End PBXBuildFile section */

/* Begin PBXContainerItemProxy section */
		2FB4B73820A3AA63007F4138 /* PBXContainerItemProxy */ = {
			isa = PBXContainerItemProxy;
			containerPortal = 2FB4B71B20A3AA61007F4138 /* Project object */;
			proxyType = 1;
			remoteGlobalIDString = 2FB4B72220A3AA61007F4138;
			remoteInfo = ingresseTest;
		};
		2FB4B74320A3AA63007F4138 /* PBXContainerItemProxy */ = {
			isa = PBXContainerItemProxy;
			containerPortal = 2FB4B71B20A3AA61007F4138 /* Project object */;
			proxyType = 1;
			remoteGlobalIDString = 2FB4B72220A3AA61007F4138;
			remoteInfo = ingresseTest;
		};
/* End PBXContainerItemProxy section */

/* Begin PBXFileReference section */
		2FB4B72320A3AA61007F4138 /* ingresseTest.app */ = {isa = PBXFileReference; explicitFileType = wrapper.application; includeInIndex = 0; path = ingresseTest.app; sourceTree = BUILT_PRODUCTS_DIR; };
		2FB4B72620A3AA62007F4138 /* AppDelegate.swift */ = {isa = PBXFileReference; lastKnownFileType = sourcecode.swift; path = AppDelegate.swift; sourceTree = "<group>"; };
		2FB4B72820A3AA62007F4138 /* ViewController.swift */ = {isa = PBXFileReference; lastKnownFileType = sourcecode.swift; path = ViewController.swift; sourceTree = "<group>"; };
		2FB4B72B20A3AA62007F4138 /* Base */ = {isa = PBXFileReference; lastKnownFileType = file.storyboard; name = Base; path = Base.lproj/Main.storyboard; sourceTree = "<group>"; };
		2FB4B72D20A3AA63007F4138 /* Assets.xcassets */ = {isa = PBXFileReference; lastKnownFileType = folder.assetcatalog; path = Assets.xcassets; sourceTree = "<group>"; };
		2FB4B73020A3AA63007F4138 /* Base */ = {isa = PBXFileReference; lastKnownFileType = file.storyboard; name = Base; path = Base.lproj/LaunchScreen.storyboard; sourceTree = "<group>"; };
		2FB4B73220A3AA63007F4138 /* Info.plist */ = {isa = PBXFileReference; lastKnownFileType = text.plist.xml; path = Info.plist; sourceTree = "<group>"; };
		2FB4B73720A3AA63007F4138 /* ingresseTestTests.xctest */ = {isa = PBXFileReference; explicitFileType = wrapper.cfbundle; includeInIndex = 0; path = ingresseTestTests.xctest; sourceTree = BUILT_PRODUCTS_DIR; };
		2FB4B73B20A3AA63007F4138 /* ingresseTestTests.swift */ = {isa = PBXFileReference; lastKnownFileType = sourcecode.swift; path = ingresseTestTests.swift; sourceTree = "<group>"; };
		2FB4B73D20A3AA63007F4138 /* Info.plist */ = {isa = PBXFileReference; lastKnownFileType = text.plist.xml; path = Info.plist; sourceTree = "<group>"; };
		2FB4B74220A3AA63007F4138 /* ingresseTestUITests.xctest */ = {isa = PBXFileReference; explicitFileType = wrapper.cfbundle; includeInIndex = 0; path = ingresseTestUITests.xctest; sourceTree = BUILT_PRODUCTS_DIR; };
		2FB4B74620A3AA63007F4138 /* ingresseTestUITests.swift */ = {isa = PBXFileReference; lastKnownFileType = sourcecode.swift; path = ingresseTestUITests.swift; sourceTree = "<group>"; };
		2FB4B74820A3AA63007F4138 /* Info.plist */ = {isa = PBXFileReference; lastKnownFileType = text.plist.xml; path = Info.plist; sourceTree = "<group>"; };
		4073E4764CC3256FC169B1A3 /* Pods_ingresseTest.framework */ = {isa = PBXFileReference; explicitFileType = wrapper.framework; includeInIndex = 0; path = Pods_ingresseTest.framework; sourceTree = BUILT_PRODUCTS_DIR; };
		68FF6C72475B9947B1090491 /* Pods-ingresseTest.debug.xcconfig */ = {isa = PBXFileReference; includeInIndex = 1; lastKnownFileType = text.xcconfig; name = "Pods-ingresseTest.debug.xcconfig"; path = "Pods/Target Support Files/Pods-ingresseTest/Pods-ingresseTest.debug.xcconfig"; sourceTree = "<group>"; };
		CE043F685C483C3E0C52A375 /* Pods-ingresseTest.release.xcconfig */ = {isa = PBXFileReference; includeInIndex = 1; lastKnownFileType = text.xcconfig; name = "Pods-ingresseTest.release.xcconfig"; path = "Pods/Target Support Files/Pods-ingresseTest/Pods-ingresseTest.release.xcconfig"; sourceTree = "<group>"; };
/* End PBXFileReference section */

/* Begin PBXFrameworksBuildPhase section */
		2FB4B72020A3AA61007F4138 /* Frameworks */ = {
			isa = PBXFrameworksBuildPhase;
			buildActionMask = 2147483647;
			files = (
				5E57699D1ABA0C4329EF849C /* Pods_ingresseTest.framework in Frameworks */,
			);
			runOnlyForDeploymentPostprocessing = 0;
		};
		2FB4B73420A3AA63007F4138 /* Frameworks */ = {
			isa = PBXFrameworksBuildPhase;
			buildActionMask = 2147483647;
			files = (
			);
			runOnlyForDeploymentPostprocessing = 0;
		};
		2FB4B73F20A3AA63007F4138 /* Frameworks */ = {
			isa = PBXFrameworksBuildPhase;
			buildActionMask = 2147483647;
			files = (
			);
			runOnlyForDeploymentPostprocessing = 0;
		};
/* End PBXFrameworksBuildPhase section */

/* Begin PBXGroup section */
		2FB4B71A20A3AA61007F4138 = {
			isa = PBXGroup;
			children = (
				2FB4B72520A3AA61007F4138 /* ingresseTest */,
				2FB4B73A20A3AA63007F4138 /* ingresseTestTests */,
				2FB4B74520A3AA63007F4138 /* ingresseTestUITests */,
				2FB4B72420A3AA61007F4138 /* Products */,
				DDE91059D1571C1AEB0A5113 /* Pods */,
				EB6D6968E2963F9FD67FBE9A /* Frameworks */,
			);
			sourceTree = "<group>";
		};
		2FB4B72420A3AA61007F4138 /* Products */ = {
			isa = PBXGroup;
			children = (
				2FB4B72320A3AA61007F4138 /* ingresseTest.app */,
				2FB4B73720A3AA63007F4138 /* ingresseTestTests.xctest */,
				2FB4B74220A3AA63007F4138 /* ingresseTestUITests.xctest */,
			);
			name = Products;
			sourceTree = "<group>";
		};
		2FB4B72520A3AA61007F4138 /* ingresseTest */ = {
			isa = PBXGroup;
			children = (
				2FB4B72620A3AA62007F4138 /* AppDelegate.swift */,
				2FB4B72820A3AA62007F4138 /* ViewController.swift */,
				2FB4B72A20A3AA62007F4138 /* Main.storyboard */,
				2FB4B72D20A3AA63007F4138 /* Assets.xcassets */,
				2FB4B72F20A3AA63007F4138 /* LaunchScreen.storyboard */,
				2FB4B73220A3AA63007F4138 /* Info.plist */,
			);
			path = ingresseTest;
			sourceTree = "<group>";
		};
		2FB4B73A20A3AA63007F4138 /* ingresseTestTests */ = {
			isa = PBXGroup;
			children = (
				2FB4B73B20A3AA63007F4138 /* ingresseTestTests.swift */,
				2FB4B73D20A3AA63007F4138 /* Info.plist */,
			);
			path = ingresseTestTests;
			sourceTree = "<group>";
		};
		2FB4B74520A3AA63007F4138 /* ingresseTestUITests */ = {
			isa = PBXGroup;
			children = (
				2FB4B74620A3AA63007F4138 /* ingresseTestUITests.swift */,
				2FB4B74820A3AA63007F4138 /* Info.plist */,
			);
			path = ingresseTestUITests;
			sourceTree = "<group>";
		};
		DDE91059D1571C1AEB0A5113 /* Pods */ = {
			isa = PBXGroup;
			children = (
				68FF6C72475B9947B1090491 /* Pods-ingresseTest.debug.xcconfig */,
				CE043F685C483C3E0C52A375 /* Pods-ingresseTest.release.xcconfig */,
			);
			name = Pods;
			sourceTree = "<group>";
		};
		EB6D6968E2963F9FD67FBE9A /* Frameworks */ = {
			isa = PBXGroup;
			children = (
				4073E4764CC3256FC169B1A3 /* Pods_ingresseTest.framework */,
			);
			name = Frameworks;
			sourceTree = "<group>";
		};
/* End PBXGroup section */

/* Begin PBXNativeTarget section */
		2FB4B72220A3AA61007F4138 /* ingresseTest */ = {
			isa = PBXNativeTarget;
			buildConfigurationList = 2FB4B74B20A3AA63007F4138 /* Build configuration list for PBXNativeTarget "ingresseTest" */;
			buildPhases = (
				1B3ABC42E42D895D8609CA74 /* [CP] Check Pods Manifest.lock */,
				2FB4B71F20A3AA61007F4138 /* Sources */,
				2FB4B72020A3AA61007F4138 /* Frameworks */,
				2FB4B72120A3AA61007F4138 /* Resources */,
				FB3137B47CF8FADC783F18C9 /* [CP] Embed Pods Frameworks */,
			);
			buildRules = (
			);
			dependencies = (
			);
			name = ingresseTest;
			productName = ingresseTest;
			productReference = 2FB4B72320A3AA61007F4138 /* ingresseTest.app */;
			productType = "com.apple.product-type.application";
		};
		2FB4B73620A3AA63007F4138 /* ingresseTestTests */ = {
			isa = PBXNativeTarget;
			buildConfigurationList = 2FB4B74E20A3AA63007F4138 /* Build configuration list for PBXNativeTarget "ingresseTestTests" */;
			buildPhases = (
				2FB4B73320A3AA63007F4138 /* Sources */,
				2FB4B73420A3AA63007F4138 /* Frameworks */,
				2FB4B73520A3AA63007F4138 /* Resources */,
			);
			buildRules = (
			);
			dependencies = (
				2FB4B73920A3AA63007F4138 /* PBXTargetDependency */,
			);
			name = ingresseTestTests;
			productName = ingresseTestTests;
			productReference = 2FB4B73720A3AA63007F4138 /* ingresseTestTests.xctest */;
			productType = "com.apple.product-type.bundle.unit-test";
		};
		2FB4B74120A3AA63007F4138 /* ingresseTestUITests */ = {
			isa = PBXNativeTarget;
			buildConfigurationList = 2FB4B75120A3AA63007F4138 /* Build configuration list for PBXNativeTarget "ingresseTestUITests" */;
			buildPhases = (
				2FB4B73E20A3AA63007F4138 /* Sources */,
				2FB4B73F20A3AA63007F4138 /* Frameworks */,
				2FB4B74020A3AA63007F4138 /* Resources */,
			);
			buildRules = (
			);
			dependencies = (
				2FB4B74420A3AA63007F4138 /* PBXTargetDependency */,
			);
			name = ingresseTestUITests;
			productName = ingresseTestUITests;
			productReference = 2FB4B74220A3AA63007F4138 /* ingresseTestUITests.xctest */;
			productType = "com.apple.product-type.bundle.ui-testing";
		};
/* End PBXNativeTarget section */

/* Begin PBXProject section */
		2FB4B71B20A3AA61007F4138 /* Project object */ = {
			isa = PBXProject;
			attributes = {
				LastSwiftUpdateCheck = 0930;
				LastUpgradeCheck = 0930;
				ORGANIZATIONNAME = mattcbr;
				TargetAttributes = {
					2FB4B72220A3AA61007F4138 = {
						CreatedOnToolsVersion = 9.3;
					};
					2FB4B73620A3AA63007F4138 = {
						CreatedOnToolsVersion = 9.3;
						TestTargetID = 2FB4B72220A3AA61007F4138;
					};
					2FB4B74120A3AA63007F4138 = {
						CreatedOnToolsVersion = 9.3;
						TestTargetID = 2FB4B72220A3AA61007F4138;
					};
				};
			};
			buildConfigurationList = 2FB4B71E20A3AA61007F4138 /* Build configuration list for PBXProject "ingresseTest" */;
			compatibilityVersion = "Xcode 9.3";
			developmentRegion = en;
			hasScannedForEncodings = 0;
			knownRegions = (
				en,
				Base,
			);
			mainGroup = 2FB4B71A20A3AA61007F4138;
			productRefGroup = 2FB4B72420A3AA61007F4138 /* Products */;
			projectDirPath = "";
			projectRoot = "";
			targets = (
				2FB4B72220A3AA61007F4138 /* ingresseTest */,
				2FB4B73620A3AA63007F4138 /* ingresseTestTests */,
				2FB4B74120A3AA63007F4138 /* ingresseTestUITests */,
			);
		};
/* End PBXProject section */

/* Begin PBXResourcesBuildPhase section */
		2FB4B72120A3AA61007F4138 /* Resources */ = {
			isa = PBXResourcesBuildPhase;
			buildActionMask = 2147483647;
			files = (
				2FB4B73120A3AA63007F4138 /* LaunchScreen.storyboard in Resources */,
				2FB4B72E20A3AA63007F4138 /* Assets.xcassets in Resources */,
				2FB4B72C20A3AA62007F4138 /* Main.storyboard in Resources */,
			);
			runOnlyForDeploymentPostprocessing = 0;
		};
		2FB4B73520A3AA63007F4138 /* Resources */ = {
			isa = PBXResourcesBuildPhase;
			buildActionMask = 2147483647;
			files = (
			);
			runOnlyForDeploymentPostprocessing = 0;
		};
		2FB4B74020A3AA63007F4138 /* Resources */ = {
			isa = PBXResourcesBuildPhase;
			buildActionMask = 2147483647;
			files = (
			);
			runOnlyForDeploymentPostprocessing = 0;
		};
/* End PBXResourcesBuildPhase section */

/* Begin PBXShellScriptBuildPhase section */
		1B3ABC42E42D895D8609CA74 /* [CP] Check Pods Manifest.lock */ = {
			isa = PBXShellScriptBuildPhase;
			buildActionMask = 2147483647;
			files = (
			);
			inputPaths = (
				"${PODS_PODFILE_DIR_PATH}/Podfile.lock",
				"${PODS_ROOT}/Manifest.lock",
			);
			name = "[CP] Check Pods Manifest.lock";
			outputPaths = (
				"$(DERIVED_FILE_DIR)/Pods-ingresseTest-checkManifestLockResult.txt",
			);
			runOnlyForDeploymentPostprocessing = 0;
			shellPath = /bin/sh;
			shellScript = "diff \"${PODS_PODFILE_DIR_PATH}/Podfile.lock\" \"${PODS_ROOT}/Manifest.lock\" > /dev/null\nif [ $? != 0 ] ; then\n    # print error to STDERR\n    echo \"error: The sandbox is not in sync with the Podfile.lock. Run 'pod install' or update your CocoaPods installation.\" >&2\n    exit 1\nfi\n# This output is used by Xcode 'outputs' to avoid re-running this script phase.\necho \"SUCCESS\" > \"${SCRIPT_OUTPUT_FILE_0}\"\n";
			showEnvVarsInLog = 0;
		};
		FB3137B47CF8FADC783F18C9 /* [CP] Embed Pods Frameworks */ = {
			isa = PBXShellScriptBuildPhase;
			buildActionMask = 2147483647;
			files = (
			);
			inputPaths = (
				"${SRCROOT}/Pods/Target Support Files/Pods-ingresseTest/Pods-ingresseTest-frameworks.sh",
				"${BUILT_PRODUCTS_DIR}/Alamofire/Alamofire.framework",
				"${BUILT_PRODUCTS_DIR}/AlamofireImage/AlamofireImage.framework",
			);
			name = "[CP] Embed Pods Frameworks";
			outputPaths = (
				"${TARGET_BUILD_DIR}/${FRAMEWORKS_FOLDER_PATH}/Alamofire.framework",
				"${TARGET_BUILD_DIR}/${FRAMEWORKS_FOLDER_PATH}/AlamofireImage.framework",
			);
			runOnlyForDeploymentPostprocessing = 0;
			shellPath = /bin/sh;
			shellScript = "\"${SRCROOT}/Pods/Target Support Files/Pods-ingresseTest/Pods-ingresseTest-frameworks.sh\"\n";
			showEnvVarsInLog = 0;
		};
/* End PBXShellScriptBuildPhase section */

/* Begin PBXSourcesBuildPhase section */
		2FB4B71F20A3AA61007F4138 /* Sources */ = {
			isa = PBXSourcesBuildPhase;
			buildActionMask = 2147483647;
			files = (
				2FB4B72920A3AA62007F4138 /* ViewController.swift in Sources */,
				2FB4B72720A3AA62007F4138 /* AppDelegate.swift in Sources */,
			);
			runOnlyForDeploymentPostprocessing = 0;
		};
		2FB4B73320A3AA63007F4138 /* Sources */ = {
			isa = PBXSourcesBuildPhase;
			buildActionMask = 2147483647;
			files = (
				2FB4B73C20A3AA63007F4138 /* ingresseTestTests.swift in Sources */,
			);
			runOnlyForDeploymentPostprocessing = 0;
		};
		2FB4B73E20A3AA63007F4138 /* Sources */ = {
			isa = PBXSourcesBuildPhase;
			buildActionMask = 2147483647;
			files = (
				2FB4B74720A3AA63007F4138 /* ingresseTestUITests.swift in Sources */,
			);
			runOnlyForDeploymentPostprocessing = 0;
		};
/* End PBXSourcesBuildPhase section */

/* Begin PBXTargetDependency section */
		2FB4B73920A3AA63007F4138 /* PBXTargetDependency */ = {
			isa = PBXTargetDependency;
			target = 2FB4B72220A3AA61007F4138 /* ingresseTest */;
			targetProxy = 2FB4B73820A3AA63007F4138 /* PBXContainerItemProxy */;
		};
		2FB4B74420A3AA63007F4138 /* PBXTargetDependency */ = {
			isa = PBXTargetDependency;
			target = 2FB4B72220A3AA61007F4138 /* ingresseTest */;
			targetProxy = 2FB4B74320A3AA63007F4138 /* PBXContainerItemProxy */;
		};
/* End PBXTargetDependency section */

/* Begin PBXVariantGroup section */
		2FB4B72A20A3AA62007F4138 /* Main.storyboard */ = {
			isa = PBXVariantGroup;
			children = (
				2FB4B72B20A3AA62007F4138 /* Base */,
			);
			name = Main.storyboard;
			sourceTree = "<group>";
		};
		2FB4B72F20A3AA63007F4138 /* LaunchScreen.storyboard */ = {
			isa = PBXVariantGroup;
			children = (
				2FB4B73020A3AA63007F4138 /* Base */,
			);
			name = LaunchScreen.storyboard;
			sourceTree = "<group>";
		};
/* End PBXVariantGroup section */

/* Begin XCBuildConfiguration section */
		2FB4B74920A3AA63007F4138 /* Debug */ = {
			isa = XCBuildConfiguration;
			buildSettings = {
				ALWAYS_SEARCH_USER_PATHS = NO;
				CLANG_ANALYZER_NONNULL = YES;
				CLANG_ANALYZER_NUMBER_OBJECT_CONVERSION = YES_AGGRESSIVE;
				CLANG_CXX_LANGUAGE_STANDARD = "gnu++14";
				CLANG_CXX_LIBRARY = "libc++";
				CLANG_ENABLE_MODULES = YES;
				CLANG_ENABLE_OBJC_ARC = YES;
				CLANG_ENABLE_OBJC_WEAK = YES;
				CLANG_WARN_BLOCK_CAPTURE_AUTORELEASING = YES;
				CLANG_WARN_BOOL_CONVERSION = YES;
				CLANG_WARN_COMMA = YES;
				CLANG_WARN_CONSTANT_CONVERSION = YES;
				CLANG_WARN_DEPRECATED_OBJC_IMPLEMENTATIONS = YES;
				CLANG_WARN_DIRECT_OBJC_ISA_USAGE = YES_ERROR;
				CLANG_WARN_DOCUMENTATION_COMMENTS = YES;
				CLANG_WARN_EMPTY_BODY = YES;
				CLANG_WARN_ENUM_CONVERSION = YES;
				CLANG_WARN_INFINITE_RECURSION = YES;
				CLANG_WARN_INT_CONVERSION = YES;
				CLANG_WARN_NON_LITERAL_NULL_CONVERSION = YES;
				CLANG_WARN_OBJC_IMPLICIT_RETAIN_SELF = YES;
				CLANG_WARN_OBJC_LITERAL_CONVERSION = YES;
				CLANG_WARN_OBJC_ROOT_CLASS = YES_ERROR;
				CLANG_WARN_RANGE_LOOP_ANALYSIS = YES;
				CLANG_WARN_STRICT_PROTOTYPES = YES;
				CLANG_WARN_SUSPICIOUS_MOVE = YES;
				CLANG_WARN_UNGUARDED_AVAILABILITY = YES_AGGRESSIVE;
				CLANG_WARN_UNREACHABLE_CODE = YES;
				CLANG_WARN__DUPLICATE_METHOD_MATCH = YES;
				CODE_SIGN_IDENTITY = "iPhone Developer";
				COPY_PHASE_STRIP = NO;
				DEBUG_INFORMATION_FORMAT = dwarf;
				ENABLE_STRICT_OBJC_MSGSEND = YES;
				ENABLE_TESTABILITY = YES;
				GCC_C_LANGUAGE_STANDARD = gnu11;
				GCC_DYNAMIC_NO_PIC = NO;
				GCC_NO_COMMON_BLOCKS = YES;
				GCC_OPTIMIZATION_LEVEL = 0;
				GCC_PREPROCESSOR_DEFINITIONS = (
					"DEBUG=1",
					"$(inherited)",
				);
				GCC_WARN_64_TO_32_BIT_CONVERSION = YES;
				GCC_WARN_ABOUT_RETURN_TYPE = YES_ERROR;
				GCC_WARN_UNDECLARED_SELECTOR = YES;
				GCC_WARN_UNINITIALIZED_AUTOS = YES_AGGRESSIVE;
				GCC_WARN_UNUSED_FUNCTION = YES;
				GCC_WARN_UNUSED_VARIABLE = YES;
				IPHONEOS_DEPLOYMENT_TARGET = 11.3;
				MTL_ENABLE_DEBUG_INFO = YES;
				ONLY_ACTIVE_ARCH = YES;
				SDKROOT = iphoneos;
				SWIFT_ACTIVE_COMPILATION_CONDITIONS = DEBUG;
				SWIFT_OPTIMIZATION_LEVEL = "-Onone";
			};
			name = Debug;
		};
		2FB4B74A20A3AA63007F4138 /* Release */ = {
			isa = XCBuildConfiguration;
			buildSettings = {
				ALWAYS_SEARCH_USER_PATHS = NO;
				CLANG_ANALYZER_NONNULL = YES;
				CLANG_ANALYZER_NUMBER_OBJECT_CONVERSION = YES_AGGRESSIVE;
				CLANG_CXX_LANGUAGE_STANDARD = "gnu++14";
				CLANG_CXX_LIBRARY = "libc++";
				CLANG_ENABLE_MODULES = YES;
				CLANG_ENABLE_OBJC_ARC = YES;
				CLANG_ENABLE_OBJC_WEAK = YES;
				CLANG_WARN_BLOCK_CAPTURE_AUTORELEASING = YES;
				CLANG_WARN_BOOL_CONVERSION = YES;
				CLANG_WARN_COMMA = YES;
				CLANG_WARN_CONSTANT_CONVERSION = YES;
				CLANG_WARN_DEPRECATED_OBJC_IMPLEMENTATIONS = YES;
				CLANG_WARN_DIRECT_OBJC_ISA_USAGE = YES_ERROR;
				CLANG_WARN_DOCUMENTATION_COMMENTS = YES;
				CLANG_WARN_EMPTY_BODY = YES;
				CLANG_WARN_ENUM_CONVERSION = YES;
				CLANG_WARN_INFINITE_RECURSION = YES;
				CLANG_WARN_INT_CONVERSION = YES;
				CLANG_WARN_NON_LITERAL_NULL_CONVERSION = YES;
				CLANG_WARN_OBJC_IMPLICIT_RETAIN_SELF = YES;
				CLANG_WARN_OBJC_LITERAL_CONVERSION = YES;
				CLANG_WARN_OBJC_ROOT_CLASS = YES_ERROR;
				CLANG_WARN_RANGE_LOOP_ANALYSIS = YES;
				CLANG_WARN_STRICT_PROTOTYPES = YES;
				CLANG_WARN_SUSPICIOUS_MOVE = YES;
				CLANG_WARN_UNGUARDED_AVAILABILITY = YES_AGGRESSIVE;
				CLANG_WARN_UNREACHABLE_CODE = YES;
				CLANG_WARN__DUPLICATE_METHOD_MATCH = YES;
				CODE_SIGN_IDENTITY = "iPhone Developer";
				COPY_PHASE_STRIP = NO;
				DEBUG_INFORMATION_FORMAT = "dwarf-with-dsym";
				ENABLE_NS_ASSERTIONS = NO;
				ENABLE_STRICT_OBJC_MSGSEND = YES;
				GCC_C_LANGUAGE_STANDARD = gnu11;
				GCC_NO_COMMON_BLOCKS = YES;
				GCC_WARN_64_TO_32_BIT_CONVERSION = YES;
				GCC_WARN_ABOUT_RETURN_TYPE = YES_ERROR;
				GCC_WARN_UNDECLARED_SELECTOR = YES;
				GCC_WARN_UNINITIALIZED_AUTOS = YES_AGGRESSIVE;
				GCC_WARN_UNUSED_FUNCTION = YES;
				GCC_WARN_UNUSED_VARIABLE = YES;
				IPHONEOS_DEPLOYMENT_TARGET = 11.3;
				MTL_ENABLE_DEBUG_INFO = NO;
				SDKROOT = iphoneos;
				SWIFT_COMPILATION_MODE = wholemodule;
				SWIFT_OPTIMIZATION_LEVEL = "-O";
				VALIDATE_PRODUCT = YES;
			};
			name = Release;
		};
		2FB4B74C20A3AA63007F4138 /* Debug */ = {
			isa = XCBuildConfiguration;
			baseConfigurationReference = 68FF6C72475B9947B1090491 /* Pods-ingresseTest.debug.xcconfig */;
			buildSettings = {
				ASSETCATALOG_COMPILER_APPICON_NAME = AppIcon;
				CODE_SIGN_STYLE = Automatic;
				INFOPLIST_FILE = ingresseTest/Info.plist;
				LD_RUNPATH_SEARCH_PATHS = "$(inherited) @executable_path/Frameworks";
				PRODUCT_BUNDLE_IDENTIFIER = com.mattcbr.ingresseTest;
				PRODUCT_NAME = "$(TARGET_NAME)";
				SWIFT_VERSION = 4.0;
				TARGETED_DEVICE_FAMILY = "1,2";
			};
			name = Debug;
		};
		2FB4B74D20A3AA63007F4138 /* Release */ = {
			isa = XCBuildConfiguration;
			baseConfigurationReference = CE043F685C483C3E0C52A375 /* Pods-ingresseTest.release.xcconfig */;
			buildSettings = {
				ASSETCATALOG_COMPILER_APPICON_NAME = AppIcon;
				CODE_SIGN_STYLE = Automatic;
				INFOPLIST_FILE = ingresseTest/Info.plist;
				LD_RUNPATH_SEARCH_PATHS = "$(inherited) @executable_path/Frameworks";
				PRODUCT_BUNDLE_IDENTIFIER = com.mattcbr.ingresseTest;
				PRODUCT_NAME = "$(TARGET_NAME)";
				SWIFT_VERSION = 4.0;
				TARGETED_DEVICE_FAMILY = "1,2";
			};
			name = Release;
		};
		2FB4B74F20A3AA63007F4138 /* Debug */ = {
			isa = XCBuildConfiguration;
			buildSettings = {
				ALWAYS_EMBED_SWIFT_STANDARD_LIBRARIES = YES;
				BUNDLE_LOADER = "$(TEST_HOST)";
				CODE_SIGN_STYLE = Automatic;
				INFOPLIST_FILE = ingresseTestTests/Info.plist;
				LD_RUNPATH_SEARCH_PATHS = "$(inherited) @executable_path/Frameworks @loader_path/Frameworks";
				PRODUCT_BUNDLE_IDENTIFIER = com.mattcbr.ingresseTestTests;
				PRODUCT_NAME = "$(TARGET_NAME)";
				SWIFT_VERSION = 4.0;
				TARGETED_DEVICE_FAMILY = "1,2";
				TEST_HOST = "$(BUILT_PRODUCTS_DIR)/ingresseTest.app/ingresseTest";
			};
			name = Debug;
		};
		2FB4B75020A3AA63007F4138 /* Release */ = {
			isa = XCBuildConfiguration;
			buildSettings = {
				ALWAYS_EMBED_SWIFT_STANDARD_LIBRARIES = YES;
				BUNDLE_LOADER = "$(TEST_HOST)";
				CODE_SIGN_STYLE = Automatic;
				INFOPLIST_FILE = ingresseTestTests/Info.plist;
				LD_RUNPATH_SEARCH_PATHS = "$(inherited) @executable_path/Frameworks @loader_path/Frameworks";
				PRODUCT_BUNDLE_IDENTIFIER = com.mattcbr.ingresseTestTests;
				PRODUCT_NAME = "$(TARGET_NAME)";
				SWIFT_VERSION = 4.0;
				TARGETED_DEVICE_FAMILY = "1,2";
				TEST_HOST = "$(BUILT_PRODUCTS_DIR)/ingresseTest.app/ingresseTest";
			};
			name = Release;
		};
		2FB4B75220A3AA63007F4138 /* Debug */ = {
			isa = XCBuildConfiguration;
			buildSettings = {
				ALWAYS_EMBED_SWIFT_STANDARD_LIBRARIES = YES;
				CODE_SIGN_STYLE = Automatic;
				INFOPLIST_FILE = ingresseTestUITests/Info.plist;
				LD_RUNPATH_SEARCH_PATHS = "$(inherited) @executable_path/Frameworks @loader_path/Frameworks";
				PRODUCT_BUNDLE_IDENTIFIER = com.mattcbr.ingresseTestUITests;
				PRODUCT_NAME = "$(TARGET_NAME)";
				SWIFT_VERSION = 4.0;
				TARGETED_DEVICE_FAMILY = "1,2";
				TEST_TARGET_NAME = ingresseTest;
			};
			name = Debug;
		};
		2FB4B75320A3AA63007F4138 /* Release */ = {
			isa = XCBuildConfiguration;
			buildSettings = {
				ALWAYS_EMBED_SWIFT_STANDARD_LIBRARIES = YES;
				CODE_SIGN_STYLE = Automatic;
				INFOPLIST_FILE = ingresseTestUITests/Info.plist;
				LD_RUNPATH_SEARCH_PATHS = "$(inherited) @executable_path/Frameworks @loader_path/Frameworks";
				PRODUCT_BUNDLE_IDENTIFIER = com.mattcbr.ingresseTestUITests;
				PRODUCT_NAME = "$(TARGET_NAME)";
				SWIFT_VERSION = 4.0;
				TARGETED_DEVICE_FAMILY = "1,2";
				TEST_TARGET_NAME = ingresseTest;
			};
			name = Release;
		};
/* End XCBuildConfiguration section */

/* Begin XCConfigurationList section */
		2FB4B71E20A3AA61007F4138 /* Build configuration list for PBXProject "ingresseTest" */ = {
			isa = XCConfigurationList;
			buildConfigurations = (
				2FB4B74920A3AA63007F4138 /* Debug */,
				2FB4B74A20A3AA63007F4138 /* Release */,
			);
			defaultConfigurationIsVisible = 0;
			defaultConfigurationName = Release;
		};
		2FB4B74B20A3AA63007F4138 /* Build configuration list for PBXNativeTarget "ingresseTest" */ = {
			isa = XCConfigurationList;
			buildConfigurations = (
				2FB4B74C20A3AA63007F4138 /* Debug */,
				2FB4B74D20A3AA63007F4138 /* Release */,
			);
			defaultConfigurationIsVisible = 0;
			defaultConfigurationName = Release;
		};
		2FB4B74E20A3AA63007F4138 /* Build configuration list for PBXNativeTarget "ingresseTestTests" */ = {
			isa = XCConfigurationList;
			buildConfigurations = (
				2FB4B74F20A3AA63007F4138 /* Debug */,
				2FB4B75020A3AA63007F4138 /* Release */,
			);
			defaultConfigurationIsVisible = 0;
			defaultConfigurationName = Release;
		};
		2FB4B75120A3AA63007F4138 /* Build configuration list for PBXNativeTarget "ingresseTestUITests" */ = {
			isa = XCConfigurationList;
			buildConfigurations = (
				2FB4B75220A3AA63007F4138 /* Debug */,
				2FB4B75320A3AA63007F4138 /* Release */,
			);
			defaultConfigurationIsVisible = 0;
			defaultConfigurationName = Release;
		};
/* End XCConfigurationList section */
	};
	rootObject = 2FB4B71B20A3AA61007F4138 /* Project object */;
}
